
Microsoft Visual Studio Solution File, Format Version 12.00
# Visual Studio Version 16
VisualStudioVersion = 16.0.33130.400
MinimumVisualStudioVersion = 10.0.40219.1
Project("{FAE04EC0-301F-11D3-BF4B-00C04F79EFBC}") = "opp_man1", "opp_man1.csproj", "{8EB83A72-E757-4FA6-8172-55FA3CE48064}"
EndProject
Global
	GlobalSection(SolutionConfigurationPlatforms) = preSolution
		Debug|Any CPU = Debug|Any CPU
		Release|Any CPU = Release|Any CPU
	EndGlobalSection
	GlobalSection(ProjectConfigurationPlatforms) = postSolution
		{8EB83A72-E757-4FA6-8172-55FA3CE48064}.Debug|Any CPU.ActiveCfg = Debug|Any CPU
		{8EB83A72-E757-4FA6-8172-55FA3CE48064}.Debug|Any CPU.Build.0 = Debug|Any CPU
		{8EB83A72-E757-4FA6-8172-55FA3CE48064}.Release|Any CPU.ActiveCfg = Release|Any CPU
		{8EB83A72-E757-4FA6-8172-55FA3CE48064}.Release|Any CPU.Build.0 = Release|Any CPU
	EndGlobalSection
	GlobalSection(SolutionProperties) = preSolution
		HideSolutionNode = FALSE
	EndGlobalSection
	GlobalSection(ExtensibilityGlobals) = postSolution
		SolutionGuid = {8EE4ED70-99F0-488A-BF28-34521FC27153}
	EndGlobalSection
EndGlobal
